// !$*UTF8*$!
{
	archiveVersion = 1;
	classes = {
	};
	objectVersion = 55;
	objects = {

/* Begin PBXBuildFile section */
		657EF83A7DACAC2A2AD75516 /* Pods_CommunicationFrameworkTests.framework in Frameworks */ = {isa = PBXBuildFile; fileRef = 3C9151C8DB82E0482095629E /* Pods_CommunicationFrameworkTests.framework */; };
		7A0B723A28355A3800600AD3 /* AppDelegate.swift in Sources */ = {isa = PBXBuildFile; fileRef = 7A0B723928355A3800600AD3 /* AppDelegate.swift */; };
		7A1E83A1281BEBA700A21CEF /* ChatView.swift in Sources */ = {isa = PBXBuildFile; fileRef = 7A1E83A0281BEBA700A21CEF /* ChatView.swift */; };
		7A1E83A6281C1AEC00A21CEF /* MessageView.swift in Sources */ = {isa = PBXBuildFile; fileRef = 7A1E83A5281C1AEC00A21CEF /* MessageView.swift */; };
		7A22A9AE2823FE13008C7124 /* amplifyconfiguration.json in Resources */ = {isa = PBXBuildFile; fileRef = 7A22A9AD2823FE13008C7124 /* amplifyconfiguration.json */; };
		7A22A9B328240134008C7124 /* FileRepresentable.swift in Sources */ = {isa = PBXBuildFile; fileRef = 7A22A9B228240134008C7124 /* FileRepresentable.swift */; };
		7A22A9B5282406E3008C7124 /* UIImage.swift in Sources */ = {isa = PBXBuildFile; fileRef = 7A22A9B4282406E3008C7124 /* UIImage.swift */; };
		7A22A9B72824190A008C7124 /* Encodable.swift in Sources */ = {isa = PBXBuildFile; fileRef = 7A22A9B62824190A008C7124 /* Encodable.swift */; };
		7A382934281936E1000ABAB9 /* ChatViewModel.swift in Sources */ = {isa = PBXBuildFile; fileRef = 7A382933281936E1000ABAB9 /* ChatViewModel.swift */; };
		7A4A458D28366C2C002B2CA6 /* File+CoreDataProperties.swift in Sources */ = {isa = PBXBuildFile; fileRef = 7A4A458728366C2C002B2CA6 /* File+CoreDataProperties.swift */; };
		7A4A458E28366C2C002B2CA6 /* ChatMessage+CoreDataClass.swift in Sources */ = {isa = PBXBuildFile; fileRef = 7A4A458828366C2C002B2CA6 /* ChatMessage+CoreDataClass.swift */; };
		7A4A458F28366C2C002B2CA6 /* File+CoreDataClass.swift in Sources */ = {isa = PBXBuildFile; fileRef = 7A4A458928366C2C002B2CA6 /* File+CoreDataClass.swift */; };
		7A4A459028366C2C002B2CA6 /* ChatMessage+CoreDataProperties.swift in Sources */ = {isa = PBXBuildFile; fileRef = 7A4A458A28366C2C002B2CA6 /* ChatMessage+CoreDataProperties.swift */; };
		7A62D2EB28228C16001D1C80 /* RoundedCorners.swift in Sources */ = {isa = PBXBuildFile; fileRef = 7A62D2EA28228C16001D1C80 /* RoundedCorners.swift */; };
		7A62D2EE2822ABCC001D1C80 /* ImagePicker.swift in Sources */ = {isa = PBXBuildFile; fileRef = 7A62D2ED2822ABCC001D1C80 /* ImagePicker.swift */; };
		7A62D2F02822AF0E001D1C80 /* HapticsManager.swift in Sources */ = {isa = PBXBuildFile; fileRef = 7A62D2EF2822AF0E001D1C80 /* HapticsManager.swift */; };
		7A62D2F22822BB28001D1C80 /* FileStorageModel.swift in Sources */ = {isa = PBXBuildFile; fileRef = 7A62D2F12822BB28001D1C80 /* FileStorageModel.swift */; };
		7A6668A62816A51D003E16A6 /* PLHelper.swift in Sources */ = {isa = PBXBuildFile; fileRef = 7A6668A52816A51D003E16A6 /* PLHelper.swift */; };
		7A6668A82816B184003E16A6 /* NotificationViewModel.swift in Sources */ = {isa = PBXBuildFile; fileRef = 7A6668A72816B184003E16A6 /* NotificationViewModel.swift */; };
		7A74C30B28328E7C00E12FCD /* ChatStore.xcdatamodeld in Sources */ = {isa = PBXBuildFile; fileRef = 7A74C30928328E7C00E12FCD /* ChatStore.xcdatamodeld */; };
		7A8A865928199E8D00E86A64 /* Pods_CommunicationFramework.framework in Frameworks */ = {isa = PBXBuildFile; fileRef = 1132CF220F1A602D76135BF4 /* Pods_CommunicationFramework.framework */; };
		7AB220FD2829581700070312 /* PDFFile.swift in Sources */ = {isa = PBXBuildFile; fileRef = 7AB220FC2829581700070312 /* PDFFile.swift */; };
		7ACCEFCF2812B20E0076746C /* CallController.swift in Sources */ = {isa = PBXBuildFile; fileRef = 7ACCEFCE2812B20E0076746C /* CallController.swift */; };
		7ACCEFD12812B2FF0076746C /* StreamView.swift in Sources */ = {isa = PBXBuildFile; fileRef = 7ACCEFD02812B2FF0076746C /* StreamView.swift */; };
		7ACCEFD32812B6200076746C /* PushRegistryDelegate.swift in Sources */ = {isa = PBXBuildFile; fileRef = 7ACCEFD22812B6200076746C /* PushRegistryDelegate.swift */; };
		7ACCEFD62812D98A0076746C /* CallState.swift in Sources */ = {isa = PBXBuildFile; fileRef = 7ACCEFD52812D98A0076746C /* CallState.swift */; };
		7AE015AC2811AF64004A195B /* CommunicationFrameworkApp.swift in Sources */ = {isa = PBXBuildFile; fileRef = 7AE015AB2811AF64004A195B /* CommunicationFrameworkApp.swift */; };
		7AE015AE2811AF64004A195B /* ContentView.swift in Sources */ = {isa = PBXBuildFile; fileRef = 7AE015AD2811AF64004A195B /* ContentView.swift */; };
		7AE015B02811AF68004A195B /* Assets.xcassets in Resources */ = {isa = PBXBuildFile; fileRef = 7AE015AF2811AF68004A195B /* Assets.xcassets */; };
		7AE015B32811AF68004A195B /* Preview Assets.xcassets in Resources */ = {isa = PBXBuildFile; fileRef = 7AE015B22811AF68004A195B /* Preview Assets.xcassets */; };
		7AE015BD2811AF68004A195B /* CommunicationFrameworkTests.swift in Sources */ = {isa = PBXBuildFile; fileRef = 7AE015BC2811AF68004A195B /* CommunicationFrameworkTests.swift */; };
		7AE015C72811AF69004A195B /* CommunicationFrameworkUITests.swift in Sources */ = {isa = PBXBuildFile; fileRef = 7AE015C62811AF69004A195B /* CommunicationFrameworkUITests.swift */; };
		7AE015C92811AF69004A195B /* CommunicationFrameworkUITestsLaunchTests.swift in Sources */ = {isa = PBXBuildFile; fileRef = 7AE015C82811AF69004A195B /* CommunicationFrameworkUITestsLaunchTests.swift */; };
		7AE015D92811B159004A195B /* CallingViewModel.swift in Sources */ = {isa = PBXBuildFile; fileRef = 7AE015D82811B159004A195B /* CallingViewModel.swift */; };
		7AE015DC2811B44C004A195B /* CommunicationFrameworkHelper.swift in Sources */ = {isa = PBXBuildFile; fileRef = 7AE015DB2811B44C004A195B /* CommunicationFrameworkHelper.swift */; };
		7AE015E02811B960004A195B /* CallView.swift in Sources */ = {isa = PBXBuildFile; fileRef = 7AE015DF2811B960004A195B /* CallView.swift */; };
		7AE015E32811BAFA004A195B /* CommunicationBase.swift in Sources */ = {isa = PBXBuildFile; fileRef = 7AE015E22811BAFA004A195B /* CommunicationBase.swift */; };
		7AE015E62811C5E3004A195B /* ProviderDelegate.swift in Sources */ = {isa = PBXBuildFile; fileRef = 7AE015E52811C5E3004A195B /* ProviderDelegate.swift */; };
		7AE015E82811C721004A195B /* CommunicationUserTokenModel.swift in Sources */ = {isa = PBXBuildFile; fileRef = 7AE015E72811C721004A195B /* CommunicationUserTokenModel.swift */; };
		7AE015EB2811D62C004A195B /* VideoStreamModel.swift in Sources */ = {isa = PBXBuildFile; fileRef = 7AE015EA2811D62C004A195B /* VideoStreamModel.swift */; };
		7AE015EE2811D681004A195B /* VideoStreamView.swift in Sources */ = {isa = PBXBuildFile; fileRef = 7AE015ED2811D681004A195B /* VideoStreamView.swift */; };
		7AE015F02811D6AB004A195B /* LocalVideoStreamModel.swift in Sources */ = {isa = PBXBuildFile; fileRef = 7AE015EF2811D6AB004A195B /* LocalVideoStreamModel.swift */; };
		7AE015F22811D706004A195B /* RemoteVideoStreamModel.swift in Sources */ = {isa = PBXBuildFile; fileRef = 7AE015F12811D706004A195B /* RemoteVideoStreamModel.swift */; };
		7AEBEBB12828F81500D6C84D /* FileType.swift in Sources */ = {isa = PBXBuildFile; fileRef = 7AEBEBB02828F81500D6C84D /* FileType.swift */; };
		7AF999FF281D790F00781613 /* Date.swift in Sources */ = {isa = PBXBuildFile; fileRef = 7AF999FE281D790F00781613 /* Date.swift */; };
		D70627BEC9606A1E1FB38ED0 /* Pods_CommunicationFramework_CommunicationFrameworkUITests.framework in Frameworks */ = {isa = PBXBuildFile; fileRef = 33A5FB397486D331905B4E3B /* Pods_CommunicationFramework_CommunicationFrameworkUITests.framework */; };
/* End PBXBuildFile section */

/* Begin PBXContainerItemProxy section */
		7AE015B92811AF68004A195B /* PBXContainerItemProxy */ = {
			isa = PBXContainerItemProxy;
			containerPortal = 7AE015A02811AF64004A195B /* Project object */;
			proxyType = 1;
			remoteGlobalIDString = 7AE015A72811AF64004A195B;
			remoteInfo = CommunicationFramework;
		};
		7AE015C32811AF69004A195B /* PBXContainerItemProxy */ = {
			isa = PBXContainerItemProxy;
			containerPortal = 7AE015A02811AF64004A195B /* Project object */;
			proxyType = 1;
			remoteGlobalIDString = 7AE015A72811AF64004A195B;
			remoteInfo = CommunicationFramework;
		};
/* End PBXContainerItemProxy section */

/* Begin PBXFileReference section */
		06BBF758B3D9054A4CA2A009 /* Pods-CommunicationFramework.release.xcconfig */ = {isa = PBXFileReference; includeInIndex = 1; lastKnownFileType = text.xcconfig; name = "Pods-CommunicationFramework.release.xcconfig"; path = "Target Support Files/Pods-CommunicationFramework/Pods-CommunicationFramework.release.xcconfig"; sourceTree = "<group>"; };
		1132CF220F1A602D76135BF4 /* Pods_CommunicationFramework.framework */ = {isa = PBXFileReference; explicitFileType = wrapper.framework; includeInIndex = 0; path = Pods_CommunicationFramework.framework; sourceTree = BUILT_PRODUCTS_DIR; };
		33A5FB397486D331905B4E3B /* Pods_CommunicationFramework_CommunicationFrameworkUITests.framework */ = {isa = PBXFileReference; explicitFileType = wrapper.framework; includeInIndex = 0; path = Pods_CommunicationFramework_CommunicationFrameworkUITests.framework; sourceTree = BUILT_PRODUCTS_DIR; };
		3C9151C8DB82E0482095629E /* Pods_CommunicationFrameworkTests.framework */ = {isa = PBXFileReference; explicitFileType = wrapper.framework; includeInIndex = 0; path = Pods_CommunicationFrameworkTests.framework; sourceTree = BUILT_PRODUCTS_DIR; };
		6947F67916CC0DFE4953AFC7 /* Pods-CommunicationFramework.debug.xcconfig */ = {isa = PBXFileReference; includeInIndex = 1; lastKnownFileType = text.xcconfig; name = "Pods-CommunicationFramework.debug.xcconfig"; path = "Target Support Files/Pods-CommunicationFramework/Pods-CommunicationFramework.debug.xcconfig"; sourceTree = "<group>"; };
		6C5B5D8C2E4FA92AFA8ABDD9 /* Pods-CommunicationFrameworkTests.debug.xcconfig */ = {isa = PBXFileReference; includeInIndex = 1; lastKnownFileType = text.xcconfig; name = "Pods-CommunicationFrameworkTests.debug.xcconfig"; path = "Target Support Files/Pods-CommunicationFrameworkTests/Pods-CommunicationFrameworkTests.debug.xcconfig"; sourceTree = "<group>"; };
		7A0B723928355A3800600AD3 /* AppDelegate.swift */ = {isa = PBXFileReference; lastKnownFileType = sourcecode.swift; path = AppDelegate.swift; sourceTree = "<group>"; };
		7A1E83A0281BEBA700A21CEF /* ChatView.swift */ = {isa = PBXFileReference; lastKnownFileType = sourcecode.swift; path = ChatView.swift; sourceTree = "<group>"; };
		7A1E83A5281C1AEC00A21CEF /* MessageView.swift */ = {isa = PBXFileReference; lastKnownFileType = sourcecode.swift; path = MessageView.swift; sourceTree = "<group>"; };
		7A22A9AD2823FE13008C7124 /* amplifyconfiguration.json */ = {isa = PBXFileReference; fileEncoding = 4; lastKnownFileType = text.json; name = amplifyconfiguration.json; path = CommunicationFramework/amplifyconfiguration.json; sourceTree = "<group>"; };
		7A22A9B228240134008C7124 /* FileRepresentable.swift */ = {isa = PBXFileReference; lastKnownFileType = sourcecode.swift; path = FileRepresentable.swift; sourceTree = "<group>"; };
		7A22A9B4282406E3008C7124 /* UIImage.swift */ = {isa = PBXFileReference; lastKnownFileType = sourcecode.swift; path = UIImage.swift; sourceTree = "<group>"; };
		7A22A9B62824190A008C7124 /* Encodable.swift */ = {isa = PBXFileReference; lastKnownFileType = sourcecode.swift; path = Encodable.swift; sourceTree = "<group>"; };
		7A382933281936E1000ABAB9 /* ChatViewModel.swift */ = {isa = PBXFileReference; lastKnownFileType = sourcecode.swift; path = ChatViewModel.swift; sourceTree = "<group>"; };
		7A4A458728366C2C002B2CA6 /* File+CoreDataProperties.swift */ = {isa = PBXFileReference; fileEncoding = 4; lastKnownFileType = sourcecode.swift; path = "File+CoreDataProperties.swift"; sourceTree = "<group>"; };
		7A4A458828366C2C002B2CA6 /* ChatMessage+CoreDataClass.swift */ = {isa = PBXFileReference; fileEncoding = 4; lastKnownFileType = sourcecode.swift; path = "ChatMessage+CoreDataClass.swift"; sourceTree = "<group>"; };
		7A4A458928366C2C002B2CA6 /* File+CoreDataClass.swift */ = {isa = PBXFileReference; fileEncoding = 4; lastKnownFileType = sourcecode.swift; path = "File+CoreDataClass.swift"; sourceTree = "<group>"; };
		7A4A458A28366C2C002B2CA6 /* ChatMessage+CoreDataProperties.swift */ = {isa = PBXFileReference; fileEncoding = 4; lastKnownFileType = sourcecode.swift; path = "ChatMessage+CoreDataProperties.swift"; sourceTree = "<group>"; };
		7A62D2EA28228C16001D1C80 /* RoundedCorners.swift */ = {isa = PBXFileReference; lastKnownFileType = sourcecode.swift; path = RoundedCorners.swift; sourceTree = "<group>"; };
		7A62D2EC282291BC001D1C80 /* Config.xcconfig */ = {isa = PBXFileReference; lastKnownFileType = text.xcconfig; path = Config.xcconfig; sourceTree = "<group>"; };
		7A62D2ED2822ABCC001D1C80 /* ImagePicker.swift */ = {isa = PBXFileReference; lastKnownFileType = sourcecode.swift; path = ImagePicker.swift; sourceTree = "<group>"; };
		7A62D2EF2822AF0E001D1C80 /* HapticsManager.swift */ = {isa = PBXFileReference; lastKnownFileType = sourcecode.swift; path = HapticsManager.swift; sourceTree = "<group>"; };
		7A62D2F12822BB28001D1C80 /* FileStorageModel.swift */ = {isa = PBXFileReference; lastKnownFileType = sourcecode.swift; path = FileStorageModel.swift; sourceTree = "<group>"; };
		7A6668A52816A51D003E16A6 /* PLHelper.swift */ = {isa = PBXFileReference; lastKnownFileType = sourcecode.swift; path = PLHelper.swift; sourceTree = "<group>"; };
		7A6668A72816B184003E16A6 /* NotificationViewModel.swift */ = {isa = PBXFileReference; lastKnownFileType = sourcecode.swift; path = NotificationViewModel.swift; sourceTree = "<group>"; };
		7A74C30A28328E7C00E12FCD /* ChatStore.xcdatamodel */ = {isa = PBXFileReference; lastKnownFileType = wrapper.xcdatamodel; path = ChatStore.xcdatamodel; sourceTree = "<group>"; };
		7A7E48C82819487000E74614 /* Trouter.xcframework */ = {isa = PBXFileReference; lastKnownFileType = wrapper.xcframework; name = Trouter.xcframework; path = Pods/Trouter/Trouter.xcframework; sourceTree = "<group>"; };
		7AB220FC2829581700070312 /* PDFFile.swift */ = {isa = PBXFileReference; lastKnownFileType = sourcecode.swift; path = PDFFile.swift; sourceTree = "<group>"; };
		7ACCEFCE2812B20E0076746C /* CallController.swift */ = {isa = PBXFileReference; lastKnownFileType = sourcecode.swift; path = CallController.swift; sourceTree = "<group>"; };
		7ACCEFD02812B2FF0076746C /* StreamView.swift */ = {isa = PBXFileReference; lastKnownFileType = sourcecode.swift; path = StreamView.swift; sourceTree = "<group>"; };
		7ACCEFD22812B6200076746C /* PushRegistryDelegate.swift */ = {isa = PBXFileReference; lastKnownFileType = sourcecode.swift; path = PushRegistryDelegate.swift; sourceTree = "<group>"; };
		7ACCEFD52812D98A0076746C /* CallState.swift */ = {isa = PBXFileReference; lastKnownFileType = sourcecode.swift; path = CallState.swift; sourceTree = "<group>"; };
		7AE015A82811AF64004A195B /* CommunicationFramework.app */ = {isa = PBXFileReference; explicitFileType = wrapper.application; includeInIndex = 0; path = CommunicationFramework.app; sourceTree = BUILT_PRODUCTS_DIR; };
		7AE015AB2811AF64004A195B /* CommunicationFrameworkApp.swift */ = {isa = PBXFileReference; lastKnownFileType = sourcecode.swift; path = CommunicationFrameworkApp.swift; sourceTree = "<group>"; };
		7AE015AD2811AF64004A195B /* ContentView.swift */ = {isa = PBXFileReference; lastKnownFileType = sourcecode.swift; path = ContentView.swift; sourceTree = "<group>"; };
		7AE015AF2811AF68004A195B /* Assets.xcassets */ = {isa = PBXFileReference; lastKnownFileType = folder.assetcatalog; path = Assets.xcassets; sourceTree = "<group>"; };
		7AE015B22811AF68004A195B /* Preview Assets.xcassets */ = {isa = PBXFileReference; lastKnownFileType = folder.assetcatalog; path = "Preview Assets.xcassets"; sourceTree = "<group>"; };
		7AE015B82811AF68004A195B /* CommunicationFrameworkTests.xctest */ = {isa = PBXFileReference; explicitFileType = wrapper.cfbundle; includeInIndex = 0; path = CommunicationFrameworkTests.xctest; sourceTree = BUILT_PRODUCTS_DIR; };
		7AE015BC2811AF68004A195B /* CommunicationFrameworkTests.swift */ = {isa = PBXFileReference; lastKnownFileType = sourcecode.swift; path = CommunicationFrameworkTests.swift; sourceTree = "<group>"; };
		7AE015C22811AF69004A195B /* CommunicationFrameworkUITests.xctest */ = {isa = PBXFileReference; explicitFileType = wrapper.cfbundle; includeInIndex = 0; path = CommunicationFrameworkUITests.xctest; sourceTree = BUILT_PRODUCTS_DIR; };
		7AE015C62811AF69004A195B /* CommunicationFrameworkUITests.swift */ = {isa = PBXFileReference; lastKnownFileType = sourcecode.swift; path = CommunicationFrameworkUITests.swift; sourceTree = "<group>"; };
		7AE015C82811AF69004A195B /* CommunicationFrameworkUITestsLaunchTests.swift */ = {isa = PBXFileReference; lastKnownFileType = sourcecode.swift; path = CommunicationFrameworkUITestsLaunchTests.swift; sourceTree = "<group>"; };
		7AE015D82811B159004A195B /* CallingViewModel.swift */ = {isa = PBXFileReference; lastKnownFileType = sourcecode.swift; path = CallingViewModel.swift; sourceTree = "<group>"; };
		7AE015DB2811B44C004A195B /* CommunicationFrameworkHelper.swift */ = {isa = PBXFileReference; lastKnownFileType = sourcecode.swift; path = CommunicationFrameworkHelper.swift; sourceTree = "<group>"; };
		7AE015DF2811B960004A195B /* CallView.swift */ = {isa = PBXFileReference; lastKnownFileType = sourcecode.swift; path = CallView.swift; sourceTree = "<group>"; };
		7AE015E22811BAFA004A195B /* CommunicationBase.swift */ = {isa = PBXFileReference; lastKnownFileType = sourcecode.swift; path = CommunicationBase.swift; sourceTree = "<group>"; };
		7AE015E52811C5E3004A195B /* ProviderDelegate.swift */ = {isa = PBXFileReference; lastKnownFileType = sourcecode.swift; path = ProviderDelegate.swift; sourceTree = "<group>"; };
		7AE015E72811C721004A195B /* CommunicationUserTokenModel.swift */ = {isa = PBXFileReference; lastKnownFileType = sourcecode.swift; path = CommunicationUserTokenModel.swift; sourceTree = "<group>"; };
		7AE015EA2811D62C004A195B /* VideoStreamModel.swift */ = {isa = PBXFileReference; lastKnownFileType = sourcecode.swift; path = VideoStreamModel.swift; sourceTree = "<group>"; };
		7AE015ED2811D681004A195B /* VideoStreamView.swift */ = {isa = PBXFileReference; lastKnownFileType = sourcecode.swift; path = VideoStreamView.swift; sourceTree = "<group>"; };
		7AE015EF2811D6AB004A195B /* LocalVideoStreamModel.swift */ = {isa = PBXFileReference; lastKnownFileType = sourcecode.swift; path = LocalVideoStreamModel.swift; sourceTree = "<group>"; };
		7AE015F12811D706004A195B /* RemoteVideoStreamModel.swift */ = {isa = PBXFileReference; lastKnownFileType = sourcecode.swift; path = RemoteVideoStreamModel.swift; sourceTree = "<group>"; };
		7AE015F32811D9B3004A195B /* CommunicationFramework.entitlements */ = {isa = PBXFileReference; lastKnownFileType = text.plist.entitlements; path = CommunicationFramework.entitlements; sourceTree = "<group>"; };
		7AE015F42811D9C5004A195B /* Info.plist */ = {isa = PBXFileReference; lastKnownFileType = text.plist; path = Info.plist; sourceTree = "<group>"; };
		7AEBEBB02828F81500D6C84D /* FileType.swift */ = {isa = PBXFileReference; lastKnownFileType = sourcecode.swift; path = FileType.swift; sourceTree = "<group>"; };
		7AF999FE281D790F00781613 /* Date.swift */ = {isa = PBXFileReference; lastKnownFileType = sourcecode.swift; path = Date.swift; sourceTree = "<group>"; };
		7F8C5ACAE70C597ABB5E9E13 /* Pods-CommunicationFramework-CommunicationFrameworkUITests.release.xcconfig */ = {isa = PBXFileReference; includeInIndex = 1; lastKnownFileType = text.xcconfig; name = "Pods-CommunicationFramework-CommunicationFrameworkUITests.release.xcconfig"; path = "Target Support Files/Pods-CommunicationFramework-CommunicationFrameworkUITests/Pods-CommunicationFramework-CommunicationFrameworkUITests.release.xcconfig"; sourceTree = "<group>"; };
		B57FFFF753ABDF51DB966B38 /* Pods-CommunicationFramework-CommunicationFrameworkUITests.debug.xcconfig */ = {isa = PBXFileReference; includeInIndex = 1; lastKnownFileType = text.xcconfig; name = "Pods-CommunicationFramework-CommunicationFrameworkUITests.debug.xcconfig"; path = "Target Support Files/Pods-CommunicationFramework-CommunicationFrameworkUITests/Pods-CommunicationFramework-CommunicationFrameworkUITests.debug.xcconfig"; sourceTree = "<group>"; };
		D33B79C0F00C14CE3D50C89D /* Pods-CommunicationFrameworkTests.release.xcconfig */ = {isa = PBXFileReference; includeInIndex = 1; lastKnownFileType = text.xcconfig; name = "Pods-CommunicationFrameworkTests.release.xcconfig"; path = "Target Support Files/Pods-CommunicationFrameworkTests/Pods-CommunicationFrameworkTests.release.xcconfig"; sourceTree = "<group>"; };
/* End PBXFileReference section */

/* Begin PBXFrameworksBuildPhase section */
		7AE015A52811AF64004A195B /* Frameworks */ = {
			isa = PBXFrameworksBuildPhase;
			buildActionMask = 2147483647;
			files = (
				7A8A865928199E8D00E86A64 /* Pods_CommunicationFramework.framework in Frameworks */,
			);
			runOnlyForDeploymentPostprocessing = 0;
		};
		7AE015B52811AF68004A195B /* Frameworks */ = {
			isa = PBXFrameworksBuildPhase;
			buildActionMask = 2147483647;
			files = (
				657EF83A7DACAC2A2AD75516 /* Pods_CommunicationFrameworkTests.framework in Frameworks */,
			);
			runOnlyForDeploymentPostprocessing = 0;
		};
		7AE015BF2811AF69004A195B /* Frameworks */ = {
			isa = PBXFrameworksBuildPhase;
			buildActionMask = 2147483647;
			files = (
				D70627BEC9606A1E1FB38ED0 /* Pods_CommunicationFramework_CommunicationFrameworkUITests.framework in Frameworks */,
			);
			runOnlyForDeploymentPostprocessing = 0;
		};
/* End PBXFrameworksBuildPhase section */

/* Begin PBXGroup section */
		7A1E839F281BEB1200A21CEF /* Chat */ = {
			isa = PBXGroup;
			children = (
				7A1E83A0281BEBA700A21CEF /* ChatView.swift */,
				7A1E83A5281C1AEC00A21CEF /* MessageView.swift */,
			);
			path = Chat;
			sourceTree = "<group>";
		};
		7A1E83A4281C1A1600A21CEF /* Chat */ = {
			isa = PBXGroup;
			children = (
				7A74C30C28329B7600E12FCD /* Store */,
				7A62D2F12822BB28001D1C80 /* FileStorageModel.swift */,
				7AB220FC2829581700070312 /* PDFFile.swift */,
			);
			path = Chat;
			sourceTree = "<group>";
		};
		7A22A9B128240121008C7124 /* Protocols */ = {
			isa = PBXGroup;
			children = (
				7A22A9B228240134008C7124 /* FileRepresentable.swift */,
			);
			path = Protocols;
			sourceTree = "<group>";
		};
		7A62D2E928228C07001D1C80 /* ViewHelpers */ = {
			isa = PBXGroup;
			children = (
				7A62D2EA28228C16001D1C80 /* RoundedCorners.swift */,
				7A62D2ED2822ABCC001D1C80 /* ImagePicker.swift */,
			);
			path = ViewHelpers;
			sourceTree = "<group>";
		};
		7A74C30C28329B7600E12FCD /* Store */ = {
			isa = PBXGroup;
			children = (
				7A4A458828366C2C002B2CA6 /* ChatMessage+CoreDataClass.swift */,
				7A4A458A28366C2C002B2CA6 /* ChatMessage+CoreDataProperties.swift */,
				7A4A458928366C2C002B2CA6 /* File+CoreDataClass.swift */,
				7A4A458728366C2C002B2CA6 /* File+CoreDataProperties.swift */,
				7A74C30928328E7C00E12FCD /* ChatStore.xcdatamodeld */,
			);
			path = Store;
			sourceTree = "<group>";
		};
		7AE0159F2811AF64004A195B = {
			isa = PBXGroup;
			children = (
				7A0B723928355A3800600AD3 /* AppDelegate.swift */,
				7A22A9AD2823FE13008C7124 /* amplifyconfiguration.json */,
				7AE015AA2811AF64004A195B /* CommunicationFramework */,
				7AE015BB2811AF68004A195B /* CommunicationFrameworkTests */,
				7AE015C52811AF69004A195B /* CommunicationFrameworkUITests */,
				7AE015A92811AF64004A195B /* Products */,
				CD5A0B0295FFA56EF21A8713 /* Pods */,
				FA99581ABD23D6530FE55C62 /* Frameworks */,
			);
			sourceTree = "<group>";
		};
		7AE015A92811AF64004A195B /* Products */ = {
			isa = PBXGroup;
			children = (
				7AE015A82811AF64004A195B /* CommunicationFramework.app */,
				7AE015B82811AF68004A195B /* CommunicationFrameworkTests.xctest */,
				7AE015C22811AF69004A195B /* CommunicationFrameworkUITests.xctest */,
			);
			name = Products;
			sourceTree = "<group>";
		};
		7AE015AA2811AF64004A195B /* CommunicationFramework */ = {
			isa = PBXGroup;
			children = (
				7AE015F42811D9C5004A195B /* Info.plist */,
				7AE015F32811D9B3004A195B /* CommunicationFramework.entitlements */,
				7AE015E42811C5C6004A195B /* CallManager */,
				7AE015DA2811B438004A195B /* Helpers */,
				7AE015D72811AFED004A195B /* Views */,
				7AE015D62811AFDF004A195B /* Models */,
				7AE015D52811AFD7004A195B /* Viewmodels */,
				7AE015AB2811AF64004A195B /* CommunicationFrameworkApp.swift */,
				7AE015AF2811AF68004A195B /* Assets.xcassets */,
				7AE015B12811AF68004A195B /* Preview Content */,
				7A62D2EC282291BC001D1C80 /* Config.xcconfig */,
			);
			path = CommunicationFramework;
			sourceTree = "<group>";
		};
		7AE015B12811AF68004A195B /* Preview Content */ = {
			isa = PBXGroup;
			children = (
				7AE015B22811AF68004A195B /* Preview Assets.xcassets */,
			);
			path = "Preview Content";
			sourceTree = "<group>";
		};
		7AE015BB2811AF68004A195B /* CommunicationFrameworkTests */ = {
			isa = PBXGroup;
			children = (
				7AE015BC2811AF68004A195B /* CommunicationFrameworkTests.swift */,
			);
			path = CommunicationFrameworkTests;
			sourceTree = "<group>";
		};
		7AE015C52811AF69004A195B /* CommunicationFrameworkUITests */ = {
			isa = PBXGroup;
			children = (
				7AE015C62811AF69004A195B /* CommunicationFrameworkUITests.swift */,
				7AE015C82811AF69004A195B /* CommunicationFrameworkUITestsLaunchTests.swift */,
			);
			path = CommunicationFrameworkUITests;
			sourceTree = "<group>";
		};
		7AE015D52811AFD7004A195B /* Viewmodels */ = {
			isa = PBXGroup;
			children = (
				7AE015D82811B159004A195B /* CallingViewModel.swift */,
				7A6668A72816B184003E16A6 /* NotificationViewModel.swift */,
				7A382933281936E1000ABAB9 /* ChatViewModel.swift */,
			);
			path = Viewmodels;
			sourceTree = "<group>";
		};
		7AE015D62811AFDF004A195B /* Models */ = {
			isa = PBXGroup;
			children = (
				7A1E83A4281C1A1600A21CEF /* Chat */,
				7AE015E92811D611004A195B /* VideoCall */,
				7AE015E22811BAFA004A195B /* CommunicationBase.swift */,
				7AE015E72811C721004A195B /* CommunicationUserTokenModel.swift */,
			);
			path = Models;
			sourceTree = "<group>";
		};
		7AE015D72811AFED004A195B /* Views */ = {
			isa = PBXGroup;
			children = (
				7A1E839F281BEB1200A21CEF /* Chat */,
				7AE015E12811B963004A195B /* VideoCall */,
				7AE015AD2811AF64004A195B /* ContentView.swift */,
			);
			path = Views;
			sourceTree = "<group>";
		};
		7AE015DA2811B438004A195B /* Helpers */ = {
			isa = PBXGroup;
			children = (
				7AEBEBAF2828F80800D6C84D /* Enums */,
				7A22A9B128240121008C7124 /* Protocols */,
				7A62D2E928228C07001D1C80 /* ViewHelpers */,
				7AF999FD281D78FF00781613 /* Extensions */,
				7AE015DB2811B44C004A195B /* CommunicationFrameworkHelper.swift */,
				7A6668A52816A51D003E16A6 /* PLHelper.swift */,
				7A62D2EF2822AF0E001D1C80 /* HapticsManager.swift */,
			);
			path = Helpers;
			sourceTree = "<group>";
		};
		7AE015E12811B963004A195B /* VideoCall */ = {
			isa = PBXGroup;
			children = (
				7AE015EC2811D666004A195B /* UIKitRepresentables */,
				7AE015DF2811B960004A195B /* CallView.swift */,
				7ACCEFD02812B2FF0076746C /* StreamView.swift */,
			);
			path = VideoCall;
			sourceTree = "<group>";
		};
		7AE015E42811C5C6004A195B /* CallManager */ = {
			isa = PBXGroup;
			children = (
				7AE015E52811C5E3004A195B /* ProviderDelegate.swift */,
				7ACCEFCE2812B20E0076746C /* CallController.swift */,
				7ACCEFD22812B6200076746C /* PushRegistryDelegate.swift */,
			);
			path = CallManager;
			sourceTree = "<group>";
		};
		7AE015E92811D611004A195B /* VideoCall */ = {
			isa = PBXGroup;
			children = (
				7AE015EA2811D62C004A195B /* VideoStreamModel.swift */,
				7AE015EF2811D6AB004A195B /* LocalVideoStreamModel.swift */,
				7AE015F12811D706004A195B /* RemoteVideoStreamModel.swift */,
			);
			path = VideoCall;
			sourceTree = "<group>";
		};
		7AE015EC2811D666004A195B /* UIKitRepresentables */ = {
			isa = PBXGroup;
			children = (
				7AE015ED2811D681004A195B /* VideoStreamView.swift */,
			);
			path = UIKitRepresentables;
			sourceTree = "<group>";
		};
		7AEBEBAF2828F80800D6C84D /* Enums */ = {
			isa = PBXGroup;
			children = (
				7AEBEBB02828F81500D6C84D /* FileType.swift */,
			);
			path = Enums;
			sourceTree = "<group>";
		};
		7AF999FD281D78FF00781613 /* Extensions */ = {
			isa = PBXGroup;
			children = (
				7A22A9B4282406E3008C7124 /* UIImage.swift */,
				7ACCEFD52812D98A0076746C /* CallState.swift */,
				7A22A9B62824190A008C7124 /* Encodable.swift */,
				7AF999FE281D790F00781613 /* Date.swift */,
			);
			path = Extensions;
			sourceTree = "<group>";
		};
		CD5A0B0295FFA56EF21A8713 /* Pods */ = {
			isa = PBXGroup;
			children = (
				6947F67916CC0DFE4953AFC7 /* Pods-CommunicationFramework.debug.xcconfig */,
				06BBF758B3D9054A4CA2A009 /* Pods-CommunicationFramework.release.xcconfig */,
				B57FFFF753ABDF51DB966B38 /* Pods-CommunicationFramework-CommunicationFrameworkUITests.debug.xcconfig */,
				7F8C5ACAE70C597ABB5E9E13 /* Pods-CommunicationFramework-CommunicationFrameworkUITests.release.xcconfig */,
				6C5B5D8C2E4FA92AFA8ABDD9 /* Pods-CommunicationFrameworkTests.debug.xcconfig */,
				D33B79C0F00C14CE3D50C89D /* Pods-CommunicationFrameworkTests.release.xcconfig */,
			);
			path = Pods;
			sourceTree = "<group>";
		};
		FA99581ABD23D6530FE55C62 /* Frameworks */ = {
			isa = PBXGroup;
			children = (
				7A7E48C82819487000E74614 /* Trouter.xcframework */,
				1132CF220F1A602D76135BF4 /* Pods_CommunicationFramework.framework */,
				33A5FB397486D331905B4E3B /* Pods_CommunicationFramework_CommunicationFrameworkUITests.framework */,
				3C9151C8DB82E0482095629E /* Pods_CommunicationFrameworkTests.framework */,
			);
			name = Frameworks;
			sourceTree = "<group>";
		};
/* End PBXGroup section */

/* Begin PBXNativeTarget section */
		7AE015A72811AF64004A195B /* CommunicationFramework */ = {
			isa = PBXNativeTarget;
			buildConfigurationList = 7AE015CC2811AF69004A195B /* Build configuration list for PBXNativeTarget "CommunicationFramework" */;
			buildPhases = (
				1DD8FAF849BA60D4F27C51F5 /* [CP] Check Pods Manifest.lock */,
				7AE015A42811AF64004A195B /* Sources */,
				7AE015A52811AF64004A195B /* Frameworks */,
				7AE015A62811AF64004A195B /* Resources */,
				B51B8864F328BBE592620FB4 /* [CP] Embed Pods Frameworks */,
			);
			buildRules = (
			);
			dependencies = (
			);
			name = CommunicationFramework;
			productName = CommunicationFramework;
			productReference = 7AE015A82811AF64004A195B /* CommunicationFramework.app */;
			productType = "com.apple.product-type.application";
		};
		7AE015B72811AF68004A195B /* CommunicationFrameworkTests */ = {
			isa = PBXNativeTarget;
			buildConfigurationList = 7AE015CF2811AF69004A195B /* Build configuration list for PBXNativeTarget "CommunicationFrameworkTests" */;
			buildPhases = (
				CA148AB8E247C64A30D7AC4F /* [CP] Check Pods Manifest.lock */,
				7AE015B42811AF68004A195B /* Sources */,
				7AE015B52811AF68004A195B /* Frameworks */,
				7AE015B62811AF68004A195B /* Resources */,
			);
			buildRules = (
			);
			dependencies = (
				7AE015BA2811AF68004A195B /* PBXTargetDependency */,
			);
			name = CommunicationFrameworkTests;
			productName = CommunicationFrameworkTests;
			productReference = 7AE015B82811AF68004A195B /* CommunicationFrameworkTests.xctest */;
			productType = "com.apple.product-type.bundle.unit-test";
		};
		7AE015C12811AF69004A195B /* CommunicationFrameworkUITests */ = {
			isa = PBXNativeTarget;
			buildConfigurationList = 7AE015D22811AF69004A195B /* Build configuration list for PBXNativeTarget "CommunicationFrameworkUITests" */;
			buildPhases = (
				82D12FDDEE141C63757DD431 /* [CP] Check Pods Manifest.lock */,
				7AE015BE2811AF69004A195B /* Sources */,
				7AE015BF2811AF69004A195B /* Frameworks */,
				7AE015C02811AF69004A195B /* Resources */,
				EF46D17538A767C9C60EB98B /* [CP] Embed Pods Frameworks */,
			);
			buildRules = (
			);
			dependencies = (
				7AE015C42811AF69004A195B /* PBXTargetDependency */,
			);
			name = CommunicationFrameworkUITests;
			productName = CommunicationFrameworkUITests;
			productReference = 7AE015C22811AF69004A195B /* CommunicationFrameworkUITests.xctest */;
			productType = "com.apple.product-type.bundle.ui-testing";
		};
/* End PBXNativeTarget section */

/* Begin PBXProject section */
		7AE015A02811AF64004A195B /* Project object */ = {
			isa = PBXProject;
			attributes = {
				BuildIndependentTargetsInParallel = 1;
				LastSwiftUpdateCheck = 1330;
				LastUpgradeCheck = 1330;
				TargetAttributes = {
					7AE015A72811AF64004A195B = {
						CreatedOnToolsVersion = 13.3.1;
					};
					7AE015B72811AF68004A195B = {
						CreatedOnToolsVersion = 13.3.1;
						TestTargetID = 7AE015A72811AF64004A195B;
					};
					7AE015C12811AF69004A195B = {
						CreatedOnToolsVersion = 13.3.1;
						TestTargetID = 7AE015A72811AF64004A195B;
					};
				};
			};
			buildConfigurationList = 7AE015A32811AF64004A195B /* Build configuration list for PBXProject "CommunicationFramework" */;
			compatibilityVersion = "Xcode 13.0";
			developmentRegion = en;
			hasScannedForEncodings = 0;
			knownRegions = (
				en,
				Base,
			);
			mainGroup = 7AE0159F2811AF64004A195B;
			productRefGroup = 7AE015A92811AF64004A195B /* Products */;
			projectDirPath = "";
			projectRoot = "";
			targets = (
				7AE015A72811AF64004A195B /* CommunicationFramework */,
				7AE015B72811AF68004A195B /* CommunicationFrameworkTests */,
				7AE015C12811AF69004A195B /* CommunicationFrameworkUITests */,
			);
		};
/* End PBXProject section */

/* Begin PBXResourcesBuildPhase section */
		7AE015A62811AF64004A195B /* Resources */ = {
			isa = PBXResourcesBuildPhase;
			buildActionMask = 2147483647;
			files = (
				7AE015B32811AF68004A195B /* Preview Assets.xcassets in Resources */,
				7A22A9AE2823FE13008C7124 /* amplifyconfiguration.json in Resources */,
				7AE015B02811AF68004A195B /* Assets.xcassets in Resources */,
			);
			runOnlyForDeploymentPostprocessing = 0;
		};
		7AE015B62811AF68004A195B /* Resources */ = {
			isa = PBXResourcesBuildPhase;
			buildActionMask = 2147483647;
			files = (
			);
			runOnlyForDeploymentPostprocessing = 0;
		};
		7AE015C02811AF69004A195B /* Resources */ = {
			isa = PBXResourcesBuildPhase;
			buildActionMask = 2147483647;
			files = (
			);
			runOnlyForDeploymentPostprocessing = 0;
		};
/* End PBXResourcesBuildPhase section */

/* Begin PBXShellScriptBuildPhase section */
		1DD8FAF849BA60D4F27C51F5 /* [CP] Check Pods Manifest.lock */ = {
			isa = PBXShellScriptBuildPhase;
			buildActionMask = 2147483647;
			files = (
			);
			inputFileListPaths = (
			);
			inputPaths = (
				"${PODS_PODFILE_DIR_PATH}/Podfile.lock",
				"${PODS_ROOT}/Manifest.lock",
			);
			name = "[CP] Check Pods Manifest.lock";
			outputFileListPaths = (
			);
			outputPaths = (
				"$(DERIVED_FILE_DIR)/Pods-CommunicationFramework-checkManifestLockResult.txt",
			);
			runOnlyForDeploymentPostprocessing = 0;
			shellPath = /bin/sh;
			shellScript = "diff \"${PODS_PODFILE_DIR_PATH}/Podfile.lock\" \"${PODS_ROOT}/Manifest.lock\" > /dev/null\nif [ $? != 0 ] ; then\n    # print error to STDERR\n    echo \"error: The sandbox is not in sync with the Podfile.lock. Run 'pod install' or update your CocoaPods installation.\" >&2\n    exit 1\nfi\n# This output is used by Xcode 'outputs' to avoid re-running this script phase.\necho \"SUCCESS\" > \"${SCRIPT_OUTPUT_FILE_0}\"\n";
			showEnvVarsInLog = 0;
		};
		82D12FDDEE141C63757DD431 /* [CP] Check Pods Manifest.lock */ = {
			isa = PBXShellScriptBuildPhase;
			buildActionMask = 2147483647;
			files = (
			);
			inputFileListPaths = (
			);
			inputPaths = (
				"${PODS_PODFILE_DIR_PATH}/Podfile.lock",
				"${PODS_ROOT}/Manifest.lock",
			);
			name = "[CP] Check Pods Manifest.lock";
			outputFileListPaths = (
			);
			outputPaths = (
				"$(DERIVED_FILE_DIR)/Pods-CommunicationFramework-CommunicationFrameworkUITests-checkManifestLockResult.txt",
			);
			runOnlyForDeploymentPostprocessing = 0;
			shellPath = /bin/sh;
			shellScript = "diff \"${PODS_PODFILE_DIR_PATH}/Podfile.lock\" \"${PODS_ROOT}/Manifest.lock\" > /dev/null\nif [ $? != 0 ] ; then\n    # print error to STDERR\n    echo \"error: The sandbox is not in sync with the Podfile.lock. Run 'pod install' or update your CocoaPods installation.\" >&2\n    exit 1\nfi\n# This output is used by Xcode 'outputs' to avoid re-running this script phase.\necho \"SUCCESS\" > \"${SCRIPT_OUTPUT_FILE_0}\"\n";
			showEnvVarsInLog = 0;
		};
		B51B8864F328BBE592620FB4 /* [CP] Embed Pods Frameworks */ = {
			isa = PBXShellScriptBuildPhase;
			buildActionMask = 2147483647;
			files = (
			);
			inputFileListPaths = (
				"${PODS_ROOT}/Target Support Files/Pods-CommunicationFramework/Pods-CommunicationFramework-frameworks-${CONFIGURATION}-input-files.xcfilelist",
			);
			name = "[CP] Embed Pods Frameworks";
			outputFileListPaths = (
				"${PODS_ROOT}/Target Support Files/Pods-CommunicationFramework/Pods-CommunicationFramework-frameworks-${CONFIGURATION}-output-files.xcfilelist",
			);
			runOnlyForDeploymentPostprocessing = 0;
			shellPath = /bin/sh;
			shellScript = "\"${PODS_ROOT}/Target Support Files/Pods-CommunicationFramework/Pods-CommunicationFramework-frameworks.sh\"\n";
			showEnvVarsInLog = 0;
		};
		CA148AB8E247C64A30D7AC4F /* [CP] Check Pods Manifest.lock */ = {
			isa = PBXShellScriptBuildPhase;
			buildActionMask = 2147483647;
			files = (
			);
			inputFileListPaths = (
			);
			inputPaths = (
				"${PODS_PODFILE_DIR_PATH}/Podfile.lock",
				"${PODS_ROOT}/Manifest.lock",
			);
			name = "[CP] Check Pods Manifest.lock";
			outputFileListPaths = (
			);
			outputPaths = (
				"$(DERIVED_FILE_DIR)/Pods-CommunicationFrameworkTests-checkManifestLockResult.txt",
			);
			runOnlyForDeploymentPostprocessing = 0;
			shellPath = /bin/sh;
			shellScript = "diff \"${PODS_PODFILE_DIR_PATH}/Podfile.lock\" \"${PODS_ROOT}/Manifest.lock\" > /dev/null\nif [ $? != 0 ] ; then\n    # print error to STDERR\n    echo \"error: The sandbox is not in sync with the Podfile.lock. Run 'pod install' or update your CocoaPods installation.\" >&2\n    exit 1\nfi\n# This output is used by Xcode 'outputs' to avoid re-running this script phase.\necho \"SUCCESS\" > \"${SCRIPT_OUTPUT_FILE_0}\"\n";
			showEnvVarsInLog = 0;
		};
		EF46D17538A767C9C60EB98B /* [CP] Embed Pods Frameworks */ = {
			isa = PBXShellScriptBuildPhase;
			buildActionMask = 2147483647;
			files = (
			);
			inputFileListPaths = (
				"${PODS_ROOT}/Target Support Files/Pods-CommunicationFramework-CommunicationFrameworkUITests/Pods-CommunicationFramework-CommunicationFrameworkUITests-frameworks-${CONFIGURATION}-input-files.xcfilelist",
			);
			name = "[CP] Embed Pods Frameworks";
			outputFileListPaths = (
				"${PODS_ROOT}/Target Support Files/Pods-CommunicationFramework-CommunicationFrameworkUITests/Pods-CommunicationFramework-CommunicationFrameworkUITests-frameworks-${CONFIGURATION}-output-files.xcfilelist",
			);
			runOnlyForDeploymentPostprocessing = 0;
			shellPath = /bin/sh;
			shellScript = "\"${PODS_ROOT}/Target Support Files/Pods-CommunicationFramework-CommunicationFrameworkUITests/Pods-CommunicationFramework-CommunicationFrameworkUITests-frameworks.sh\"\n";
			showEnvVarsInLog = 0;
		};
/* End PBXShellScriptBuildPhase section */

/* Begin PBXSourcesBuildPhase section */
		7AE015A42811AF64004A195B /* Sources */ = {
			isa = PBXSourcesBuildPhase;
			buildActionMask = 2147483647;
			files = (
				7AF999FF281D790F00781613 /* Date.swift in Sources */,
				7A62D2EE2822ABCC001D1C80 /* ImagePicker.swift in Sources */,
				7AE015AE2811AF64004A195B /* ContentView.swift in Sources */,
				7AE015E82811C721004A195B /* CommunicationUserTokenModel.swift in Sources */,
				7A62D2EB28228C16001D1C80 /* RoundedCorners.swift in Sources */,
				7ACCEFD32812B6200076746C /* PushRegistryDelegate.swift in Sources */,
				7A22A9B72824190A008C7124 /* Encodable.swift in Sources */,
				7A0B723A28355A3800600AD3 /* AppDelegate.swift in Sources */,
				7AE015DC2811B44C004A195B /* CommunicationFrameworkHelper.swift in Sources */,
				7AE015F22811D706004A195B /* RemoteVideoStreamModel.swift in Sources */,
				7A1E83A6281C1AEC00A21CEF /* MessageView.swift in Sources */,
				7A6668A82816B184003E16A6 /* NotificationViewModel.swift in Sources */,
				7A74C30B28328E7C00E12FCD /* ChatStore.xcdatamodeld in Sources */,
				7A22A9B5282406E3008C7124 /* UIImage.swift in Sources */,
				7A62D2F22822BB28001D1C80 /* FileStorageModel.swift in Sources */,
				7AE015E62811C5E3004A195B /* ProviderDelegate.swift in Sources */,
				7AE015EE2811D681004A195B /* VideoStreamView.swift in Sources */,
				7ACCEFD62812D98A0076746C /* CallState.swift in Sources */,
				7A4A459028366C2C002B2CA6 /* ChatMessage+CoreDataProperties.swift in Sources */,
				7AE015D92811B159004A195B /* CallingViewModel.swift in Sources */,
				7AE015F02811D6AB004A195B /* LocalVideoStreamModel.swift in Sources */,
				7A382934281936E1000ABAB9 /* ChatViewModel.swift in Sources */,
				7A4A458D28366C2C002B2CA6 /* File+CoreDataProperties.swift in Sources */,
				7A1E83A1281BEBA700A21CEF /* ChatView.swift in Sources */,
				7ACCEFD12812B2FF0076746C /* StreamView.swift in Sources */,
				7AB220FD2829581700070312 /* PDFFile.swift in Sources */,
				7AE015E32811BAFA004A195B /* CommunicationBase.swift in Sources */,
				7AE015E02811B960004A195B /* CallView.swift in Sources */,
				7AE015AC2811AF64004A195B /* CommunicationFrameworkApp.swift in Sources */,
				7A62D2F02822AF0E001D1C80 /* HapticsManager.swift in Sources */,
				7AEBEBB12828F81500D6C84D /* FileType.swift in Sources */,
				7A22A9B328240134008C7124 /* FileRepresentable.swift in Sources */,
				7A4A458E28366C2C002B2CA6 /* ChatMessage+CoreDataClass.swift in Sources */,
				7ACCEFCF2812B20E0076746C /* CallController.swift in Sources */,
				7A6668A62816A51D003E16A6 /* PLHelper.swift in Sources */,
				7A4A458F28366C2C002B2CA6 /* File+CoreDataClass.swift in Sources */,
				7AE015EB2811D62C004A195B /* VideoStreamModel.swift in Sources */,
			);
			runOnlyForDeploymentPostprocessing = 0;
		};
		7AE015B42811AF68004A195B /* Sources */ = {
			isa = PBXSourcesBuildPhase;
			buildActionMask = 2147483647;
			files = (
				7AE015BD2811AF68004A195B /* CommunicationFrameworkTests.swift in Sources */,
			);
			runOnlyForDeploymentPostprocessing = 0;
		};
		7AE015BE2811AF69004A195B /* Sources */ = {
			isa = PBXSourcesBuildPhase;
			buildActionMask = 2147483647;
			files = (
				7AE015C92811AF69004A195B /* CommunicationFrameworkUITestsLaunchTests.swift in Sources */,
				7AE015C72811AF69004A195B /* CommunicationFrameworkUITests.swift in Sources */,
			);
			runOnlyForDeploymentPostprocessing = 0;
		};
/* End PBXSourcesBuildPhase section */

/* Begin PBXTargetDependency section */
		7AE015BA2811AF68004A195B /* PBXTargetDependency */ = {
			isa = PBXTargetDependency;
			target = 7AE015A72811AF64004A195B /* CommunicationFramework */;
			targetProxy = 7AE015B92811AF68004A195B /* PBXContainerItemProxy */;
		};
		7AE015C42811AF69004A195B /* PBXTargetDependency */ = {
			isa = PBXTargetDependency;
			target = 7AE015A72811AF64004A195B /* CommunicationFramework */;
			targetProxy = 7AE015C32811AF69004A195B /* PBXContainerItemProxy */;
		};
/* End PBXTargetDependency section */

/* Begin XCBuildConfiguration section */
		7AE015CA2811AF69004A195B /* Debug */ = {
			isa = XCBuildConfiguration;
			baseConfigurationReference = 7A62D2EC282291BC001D1C80 /* Config.xcconfig */;
			buildSettings = {
				ALWAYS_SEARCH_USER_PATHS = NO;
				CLANG_ANALYZER_NONNULL = YES;
				CLANG_ANALYZER_NUMBER_OBJECT_CONVERSION = YES_AGGRESSIVE;
				CLANG_CXX_LANGUAGE_STANDARD = "gnu++17";
				CLANG_ENABLE_MODULES = YES;
				CLANG_ENABLE_OBJC_ARC = YES;
				CLANG_ENABLE_OBJC_WEAK = YES;
				CLANG_WARN_BLOCK_CAPTURE_AUTORELEASING = YES;
				CLANG_WARN_BOOL_CONVERSION = YES;
				CLANG_WARN_COMMA = YES;
				CLANG_WARN_CONSTANT_CONVERSION = YES;
				CLANG_WARN_DEPRECATED_OBJC_IMPLEMENTATIONS = YES;
				CLANG_WARN_DIRECT_OBJC_ISA_USAGE = YES_ERROR;
				CLANG_WARN_DOCUMENTATION_COMMENTS = YES;
				CLANG_WARN_EMPTY_BODY = YES;
				CLANG_WARN_ENUM_CONVERSION = YES;
				CLANG_WARN_INFINITE_RECURSION = YES;
				CLANG_WARN_INT_CONVERSION = YES;
				CLANG_WARN_NON_LITERAL_NULL_CONVERSION = YES;
				CLANG_WARN_OBJC_IMPLICIT_RETAIN_SELF = YES;
				CLANG_WARN_OBJC_LITERAL_CONVERSION = YES;
				CLANG_WARN_OBJC_ROOT_CLASS = YES_ERROR;
				CLANG_WARN_QUOTED_INCLUDE_IN_FRAMEWORK_HEADER = YES;
				CLANG_WARN_RANGE_LOOP_ANALYSIS = YES;
				CLANG_WARN_STRICT_PROTOTYPES = YES;
				CLANG_WARN_SUSPICIOUS_MOVE = YES;
				CLANG_WARN_UNGUARDED_AVAILABILITY = YES_AGGRESSIVE;
				CLANG_WARN_UNREACHABLE_CODE = YES;
				CLANG_WARN__DUPLICATE_METHOD_MATCH = YES;
				COPY_PHASE_STRIP = NO;
				DEBUG_INFORMATION_FORMAT = dwarf;
				ENABLE_BITCODE = YES;
				ENABLE_STRICT_OBJC_MSGSEND = YES;
				ENABLE_TESTABILITY = YES;
				GCC_C_LANGUAGE_STANDARD = gnu11;
				GCC_DYNAMIC_NO_PIC = NO;
				GCC_NO_COMMON_BLOCKS = YES;
				GCC_OPTIMIZATION_LEVEL = 0;
				GCC_PREPROCESSOR_DEFINITIONS = (
					"DEBUG=1",
					"$(inherited)",
				);
				GCC_WARN_64_TO_32_BIT_CONVERSION = YES;
				GCC_WARN_ABOUT_RETURN_TYPE = YES_ERROR;
				GCC_WARN_UNDECLARED_SELECTOR = YES;
				GCC_WARN_UNINITIALIZED_AUTOS = YES_AGGRESSIVE;
				GCC_WARN_UNUSED_FUNCTION = YES;
				GCC_WARN_UNUSED_VARIABLE = YES;
				IPHONEOS_DEPLOYMENT_TARGET = 15.4;
				MTL_ENABLE_DEBUG_INFO = INCLUDE_SOURCE;
				MTL_FAST_MATH = YES;
				ONLY_ACTIVE_ARCH = YES;
				SDKROOT = iphoneos;
				SWIFT_ACTIVE_COMPILATION_CONDITIONS = DEBUG;
				SWIFT_OPTIMIZATION_LEVEL = "-Onone";
			};
			name = Debug;
		};
		7AE015CB2811AF69004A195B /* Release */ = {
			isa = XCBuildConfiguration;
			baseConfigurationReference = 7A62D2EC282291BC001D1C80 /* Config.xcconfig */;
			buildSettings = {
				ALWAYS_SEARCH_USER_PATHS = NO;
				CLANG_ANALYZER_NONNULL = YES;
				CLANG_ANALYZER_NUMBER_OBJECT_CONVERSION = YES_AGGRESSIVE;
				CLANG_CXX_LANGUAGE_STANDARD = "gnu++17";
				CLANG_ENABLE_MODULES = YES;
				CLANG_ENABLE_OBJC_ARC = YES;
				CLANG_ENABLE_OBJC_WEAK = YES;
				CLANG_WARN_BLOCK_CAPTURE_AUTORELEASING = YES;
				CLANG_WARN_BOOL_CONVERSION = YES;
				CLANG_WARN_COMMA = YES;
				CLANG_WARN_CONSTANT_CONVERSION = YES;
				CLANG_WARN_DEPRECATED_OBJC_IMPLEMENTATIONS = YES;
				CLANG_WARN_DIRECT_OBJC_ISA_USAGE = YES_ERROR;
				CLANG_WARN_DOCUMENTATION_COMMENTS = YES;
				CLANG_WARN_EMPTY_BODY = YES;
				CLANG_WARN_ENUM_CONVERSION = YES;
				CLANG_WARN_INFINITE_RECURSION = YES;
				CLANG_WARN_INT_CONVERSION = YES;
				CLANG_WARN_NON_LITERAL_NULL_CONVERSION = YES;
				CLANG_WARN_OBJC_IMPLICIT_RETAIN_SELF = YES;
				CLANG_WARN_OBJC_LITERAL_CONVERSION = YES;
				CLANG_WARN_OBJC_ROOT_CLASS = YES_ERROR;
				CLANG_WARN_QUOTED_INCLUDE_IN_FRAMEWORK_HEADER = YES;
				CLANG_WARN_RANGE_LOOP_ANALYSIS = YES;
				CLANG_WARN_STRICT_PROTOTYPES = YES;
				CLANG_WARN_SUSPICIOUS_MOVE = YES;
				CLANG_WARN_UNGUARDED_AVAILABILITY = YES_AGGRESSIVE;
				CLANG_WARN_UNREACHABLE_CODE = YES;
				CLANG_WARN__DUPLICATE_METHOD_MATCH = YES;
				COPY_PHASE_STRIP = NO;
				DEBUG_INFORMATION_FORMAT = "dwarf-with-dsym";
				ENABLE_BITCODE = YES;
				ENABLE_NS_ASSERTIONS = NO;
				ENABLE_STRICT_OBJC_MSGSEND = YES;
				GCC_C_LANGUAGE_STANDARD = gnu11;
				GCC_NO_COMMON_BLOCKS = YES;
				GCC_WARN_64_TO_32_BIT_CONVERSION = YES;
				GCC_WARN_ABOUT_RETURN_TYPE = YES_ERROR;
				GCC_WARN_UNDECLARED_SELECTOR = YES;
				GCC_WARN_UNINITIALIZED_AUTOS = YES_AGGRESSIVE;
				GCC_WARN_UNUSED_FUNCTION = YES;
				GCC_WARN_UNUSED_VARIABLE = YES;
				IPHONEOS_DEPLOYMENT_TARGET = 15.4;
				MTL_ENABLE_DEBUG_INFO = NO;
				MTL_FAST_MATH = YES;
				SDKROOT = iphoneos;
				SWIFT_COMPILATION_MODE = wholemodule;
				SWIFT_OPTIMIZATION_LEVEL = "-O";
				VALIDATE_PRODUCT = YES;
			};
			name = Release;
		};
		7AE015CD2811AF69004A195B /* Debug */ = {
			isa = XCBuildConfiguration;
			baseConfigurationReference = 6947F67916CC0DFE4953AFC7 /* Pods-CommunicationFramework.debug.xcconfig */;
			buildSettings = {
				ASSETCATALOG_COMPILER_APPICON_NAME = AppIcon;
				ASSETCATALOG_COMPILER_GLOBAL_ACCENT_COLOR_NAME = AccentColor;
				CODE_SIGN_ENTITLEMENTS = CommunicationFramework/CommunicationFramework.entitlements;
				CODE_SIGN_IDENTITY = "iPhone Developer";
				CODE_SIGN_STYLE = Manual;
				CURRENT_PROJECT_VERSION = 1;
				DEVELOPMENT_ASSET_PATHS = "\"CommunicationFramework/Preview Content\"";
				DEVELOPMENT_TEAM = 78RSNDD442;
				ENABLE_BITCODE = NO;
				ENABLE_PREVIEWS = YES;
				GENERATE_INFOPLIST_FILE = YES;
				INFOPLIST_FILE = CommunicationFramework/Info.plist;
				INFOPLIST_KEY_NSCameraUsageDescription = "App needs access to camera for video calls";
				INFOPLIST_KEY_UIApplicationSceneManifest_Generation = YES;
				INFOPLIST_KEY_UIApplicationSupportsIndirectInputEvents = YES;
				INFOPLIST_KEY_UILaunchScreen_Generation = YES;
				INFOPLIST_KEY_UISupportedInterfaceOrientations_iPad = "UIInterfaceOrientationPortrait UIInterfaceOrientationPortraitUpsideDown UIInterfaceOrientationLandscapeLeft UIInterfaceOrientationLandscapeRight";
				INFOPLIST_KEY_UISupportedInterfaceOrientations_iPhone = "UIInterfaceOrientationPortrait UIInterfaceOrientationLandscapeLeft UIInterfaceOrientationLandscapeRight";
				LD_RUNPATH_SEARCH_PATHS = (
					"$(inherited)",
					"@executable_path/Frameworks",
				);
				MARKETING_VERSION = 1.0;
				PRODUCT_BUNDLE_IDENTIFIER = de.conradfelgentreff.acstest;
				PRODUCT_NAME = "$(TARGET_NAME)";
				PROVISIONING_PROFILE_SPECIFIER = "ACS Test";
				SWIFT_EMIT_LOC_STRINGS = YES;
				SWIFT_VERSION = 5.0;
				TARGETED_DEVICE_FAMILY = "1,2";
			};
			name = Debug;
		};
		7AE015CE2811AF69004A195B /* Release */ = {
			isa = XCBuildConfiguration;
			baseConfigurationReference = 06BBF758B3D9054A4CA2A009 /* Pods-CommunicationFramework.release.xcconfig */;
			buildSettings = {
				ASSETCATALOG_COMPILER_APPICON_NAME = AppIcon;
				ASSETCATALOG_COMPILER_GLOBAL_ACCENT_COLOR_NAME = AccentColor;
				CODE_SIGN_ENTITLEMENTS = CommunicationFramework/CommunicationFramework.entitlements;
				CODE_SIGN_IDENTITY = "iPhone Developer";
				CODE_SIGN_STYLE = Manual;
				CURRENT_PROJECT_VERSION = 1;
				DEVELOPMENT_ASSET_PATHS = "\"CommunicationFramework/Preview Content\"";
				DEVELOPMENT_TEAM = 78RSNDD442;
				ENABLE_BITCODE = NO;
				ENABLE_PREVIEWS = YES;
				GENERATE_INFOPLIST_FILE = YES;
				INFOPLIST_FILE = CommunicationFramework/Info.plist;
				INFOPLIST_KEY_NSCameraUsageDescription = "App needs access to camera for video calls";
				INFOPLIST_KEY_UIApplicationSceneManifest_Generation = YES;
				INFOPLIST_KEY_UIApplicationSupportsIndirectInputEvents = YES;
				INFOPLIST_KEY_UILaunchScreen_Generation = YES;
				INFOPLIST_KEY_UISupportedInterfaceOrientations_iPad = "UIInterfaceOrientationPortrait UIInterfaceOrientationPortraitUpsideDown UIInterfaceOrientationLandscapeLeft UIInterfaceOrientationLandscapeRight";
				INFOPLIST_KEY_UISupportedInterfaceOrientations_iPhone = "UIInterfaceOrientationPortrait UIInterfaceOrientationLandscapeLeft UIInterfaceOrientationLandscapeRight";
				LD_RUNPATH_SEARCH_PATHS = (
					"$(inherited)",
					"@executable_path/Frameworks",
				);
				MARKETING_VERSION = 1.0;
				PRODUCT_BUNDLE_IDENTIFIER = de.conradfelgentreff.acstest;
				PRODUCT_NAME = "$(TARGET_NAME)";
				PROVISIONING_PROFILE_SPECIFIER = "ACS Test";
				SWIFT_EMIT_LOC_STRINGS = YES;
				SWIFT_VERSION = 5.0;
				TARGETED_DEVICE_FAMILY = "1,2";
			};
			name = Release;
		};
		7AE015D02811AF69004A195B /* Debug */ = {
			isa = XCBuildConfiguration;
			baseConfigurationReference = 6C5B5D8C2E4FA92AFA8ABDD9 /* Pods-CommunicationFrameworkTests.debug.xcconfig */;
			buildSettings = {
				ALWAYS_EMBED_SWIFT_STANDARD_LIBRARIES = YES;
				BUNDLE_LOADER = "$(TEST_HOST)";
				CODE_SIGN_STYLE = Automatic;
				CURRENT_PROJECT_VERSION = 1;
				DEVELOPMENT_TEAM = 78RSNDD442;
				GENERATE_INFOPLIST_FILE = YES;
				IPHONEOS_DEPLOYMENT_TARGET = 15.4;
				MARKETING_VERSION = 1.0;
				PRODUCT_BUNDLE_IDENTIFIER = conradfelgentreff.CommunicationFrameworkTests;
				PRODUCT_NAME = "$(TARGET_NAME)";
				SWIFT_EMIT_LOC_STRINGS = NO;
				SWIFT_VERSION = 5.0;
				TARGETED_DEVICE_FAMILY = "1,2";
				TEST_HOST = "$(BUILT_PRODUCTS_DIR)/CommunicationFramework.app/CommunicationFramework";
			};
			name = Debug;
		};
		7AE015D12811AF69004A195B /* Release */ = {
			isa = XCBuildConfiguration;
			baseConfigurationReference = D33B79C0F00C14CE3D50C89D /* Pods-CommunicationFrameworkTests.release.xcconfig */;
			buildSettings = {
				ALWAYS_EMBED_SWIFT_STANDARD_LIBRARIES = YES;
				BUNDLE_LOADER = "$(TEST_HOST)";
				CODE_SIGN_STYLE = Automatic;
				CURRENT_PROJECT_VERSION = 1;
				DEVELOPMENT_TEAM = 78RSNDD442;
				GENERATE_INFOPLIST_FILE = YES;
				IPHONEOS_DEPLOYMENT_TARGET = 15.4;
				MARKETING_VERSION = 1.0;
				PRODUCT_BUNDLE_IDENTIFIER = conradfelgentreff.CommunicationFrameworkTests;
				PRODUCT_NAME = "$(TARGET_NAME)";
				SWIFT_EMIT_LOC_STRINGS = NO;
				SWIFT_VERSION = 5.0;
				TARGETED_DEVICE_FAMILY = "1,2";
				TEST_HOST = "$(BUILT_PRODUCTS_DIR)/CommunicationFramework.app/CommunicationFramework";
			};
			name = Release;
		};
		7AE015D32811AF69004A195B /* Debug */ = {
			isa = XCBuildConfiguration;
			baseConfigurationReference = B57FFFF753ABDF51DB966B38 /* Pods-CommunicationFramework-CommunicationFrameworkUITests.debug.xcconfig */;
			buildSettings = {
				ALWAYS_EMBED_SWIFT_STANDARD_LIBRARIES = YES;
				CODE_SIGN_STYLE = Automatic;
				CURRENT_PROJECT_VERSION = 1;
				DEVELOPMENT_TEAM = 78RSNDD442;
				GENERATE_INFOPLIST_FILE = YES;
				MARKETING_VERSION = 1.0;
				PRODUCT_BUNDLE_IDENTIFIER = conradfelgentreff.CommunicationFrameworkUITests;
				PRODUCT_NAME = "$(TARGET_NAME)";
				SWIFT_EMIT_LOC_STRINGS = NO;
				SWIFT_VERSION = 5.0;
				TARGETED_DEVICE_FAMILY = "1,2";
				TEST_TARGET_NAME = CommunicationFramework;
			};
			name = Debug;
		};
		7AE015D42811AF69004A195B /* Release */ = {
			isa = XCBuildConfiguration;
			baseConfigurationReference = 7F8C5ACAE70C597ABB5E9E13 /* Pods-CommunicationFramework-CommunicationFrameworkUITests.release.xcconfig */;
			buildSettings = {
				ALWAYS_EMBED_SWIFT_STANDARD_LIBRARIES = YES;
				CODE_SIGN_STYLE = Automatic;
				CURRENT_PROJECT_VERSION = 1;
				DEVELOPMENT_TEAM = 78RSNDD442;
				GENERATE_INFOPLIST_FILE = YES;
				MARKETING_VERSION = 1.0;
				PRODUCT_BUNDLE_IDENTIFIER = conradfelgentreff.CommunicationFrameworkUITests;
				PRODUCT_NAME = "$(TARGET_NAME)";
				SWIFT_EMIT_LOC_STRINGS = NO;
				SWIFT_VERSION = 5.0;
				TARGETED_DEVICE_FAMILY = "1,2";
				TEST_TARGET_NAME = CommunicationFramework;
			};
			name = Release;
		};
/* End XCBuildConfiguration section */

/* Begin XCConfigurationList section */
		7AE015A32811AF64004A195B /* Build configuration list for PBXProject "CommunicationFramework" */ = {
			isa = XCConfigurationList;
			buildConfigurations = (
				7AE015CA2811AF69004A195B /* Debug */,
				7AE015CB2811AF69004A195B /* Release */,
			);
			defaultConfigurationIsVisible = 0;
			defaultConfigurationName = Release;
		};
		7AE015CC2811AF69004A195B /* Build configuration list for PBXNativeTarget "CommunicationFramework" */ = {
			isa = XCConfigurationList;
			buildConfigurations = (
				7AE015CD2811AF69004A195B /* Debug */,
				7AE015CE2811AF69004A195B /* Release */,
			);
			defaultConfigurationIsVisible = 0;
			defaultConfigurationName = Release;
		};
		7AE015CF2811AF69004A195B /* Build configuration list for PBXNativeTarget "CommunicationFrameworkTests" */ = {
			isa = XCConfigurationList;
			buildConfigurations = (
				7AE015D02811AF69004A195B /* Debug */,
				7AE015D12811AF69004A195B /* Release */,
			);
			defaultConfigurationIsVisible = 0;
			defaultConfigurationName = Release;
		};
		7AE015D22811AF69004A195B /* Build configuration list for PBXNativeTarget "CommunicationFrameworkUITests" */ = {
			isa = XCConfigurationList;
			buildConfigurations = (
				7AE015D32811AF69004A195B /* Debug */,
				7AE015D42811AF69004A195B /* Release */,
			);
			defaultConfigurationIsVisible = 0;
			defaultConfigurationName = Release;
		};
/* End XCConfigurationList section */

/* Begin XCVersionGroup section */
		7A74C30928328E7C00E12FCD /* ChatStore.xcdatamodeld */ = {
			isa = XCVersionGroup;
			children = (
				7A74C30A28328E7C00E12FCD /* ChatStore.xcdatamodel */,
			);
			currentVersion = 7A74C30A28328E7C00E12FCD /* ChatStore.xcdatamodel */;
			path = ChatStore.xcdatamodeld;
			sourceTree = "<group>";
			versionGroupType = wrapper.xcdatamodel;
		};
/* End XCVersionGroup section */
	};
	rootObject = 7AE015A02811AF64004A195B /* Project object */;
}
